
Microsoft Visual Studio Solution File, Format Version 12.00
# Visual Studio Version 16
VisualStudioVersion = 16.0.31729.503
MinimumVisualStudioVersion = 10.0.40219.1
Project("{888888A0-9F3D-457C-B088-3A5042F75D52}") = "BMI", "BMI\BMI.pyproj", "{D77785B6-0D30-47F7-B7DD-F187FDB8BBA9}"
EndProject
Global
	GlobalSection(SolutionConfigurationPlatforms) = preSolution
		Debug|Any CPU = Debug|Any CPU
		Release|Any CPU = Release|Any CPU
	EndGlobalSection
	GlobalSection(ProjectConfigurationPlatforms) = postSolution
		{D77785B6-0D30-47F7-B7DD-F187FDB8BBA9}.Debug|Any CPU.ActiveCfg = Debug|Any CPU
		{D77785B6-0D30-47F7-B7DD-F187FDB8BBA9}.Release|Any CPU.ActiveCfg = Release|Any CPU
	EndGlobalSection
	GlobalSection(SolutionProperties) = preSolution
		HideSolutionNode = FALSE
	EndGlobalSection
	GlobalSection(ExtensibilityGlobals) = postSolution
		SolutionGuid = {514786BF-0DC9-4679-9DBC-03936FA3EBF9}
	EndGlobalSection
EndGlobal
